{
  "name": "chitchat",
  "version": "0.2.0",
  "lockfileVersion": 1,
  "requires": true,
  "dependencies": {
    "event-source-polyfill": {
      "version": "1.0.21",
      "resolved": "https://registry.npmjs.org/event-source-polyfill/-/event-source-polyfill-1.0.21.tgz",
      "integrity": "sha512-Mz8LO8hPgg2X6VcSXmq7gvgFU3kUnTZb4zU3tTYDx8cJHRXP15tjdpGUiP2IUUwOqAGZ1TEfe+KagjMXfFgwLA=="
    }
  }
}
